lockfileVersion: '9.0'

settings:
  autoInstallPeers: true
  excludeLinksFromLockfile: false

importers:

  .:
    dependencies:
      '@hapi/hapi':
        specifier: ^21
        version: 21.4.0
      joi:
        specifier: ^17
        version: 17.13.3
      zod:
        specifier: ^3
        version: 3.24.3
    devDependencies:
      '@types/node':
        specifier: ^22
        version: 22.14.1
      dotenv:
        specifier: ^16
        version: 16.5.0
      fast-glob:
        specifier: ^3
        version: 3.3.3
      openai:
        specifier: ^4
        version: 4.95.1(zod@3.24.3)
      tsx:
        specifier: ^4
        version: 4.19.3
      typescript:
        specifier: ^5
        version: 5.8.3

packages:

  '@esbuild/aix-ppc64@0.25.2':
    resolution: {integrity: sha512-wCIboOL2yXZym2cgm6mlA742s9QeJ8DjGVaL39dLN4rRwrOgOyYSnOaFPhKZGLb2ngj4EyfAFjsNJwPXZvseag==}
    engines: {node: '>=18'}
    cpu: [ppc64]
    os: [aix]

  '@esbuild/android-arm64@0.25.2':
    resolution: {integrity: sha512-5ZAX5xOmTligeBaeNEPnPaeEuah53Id2tX4c2CVP3JaROTH+j4fnfHCkr1PjXMd78hMst+TlkfKcW/DlTq0i4w==}
    engines: {node: '>=18'}
    cpu: [arm64]
    os: [android]

  '@esbuild/android-arm@0.25.2':
    resolution: {integrity: sha512-NQhH7jFstVY5x8CKbcfa166GoV0EFkaPkCKBQkdPJFvo5u+nGXLEH/ooniLb3QI8Fk58YAx7nsPLozUWfCBOJA==}
    engines: {node: '>=18'}
    cpu: [arm]
    os: [android]

  '@esbuild/android-x64@0.25.2':
    resolution: {integrity: sha512-Ffcx+nnma8Sge4jzddPHCZVRvIfQ0kMsUsCMcJRHkGJ1cDmhe4SsrYIjLUKn1xpHZybmOqCWwB0zQvsjdEHtkg==}
    engines: {node: '>=18'}
    cpu: [x64]
    os: [android]

  '@esbuild/darwin-arm64@0.25.2':
    resolution: {integrity: sha512-MpM6LUVTXAzOvN4KbjzU/q5smzryuoNjlriAIx+06RpecwCkL9JpenNzpKd2YMzLJFOdPqBpuub6eVRP5IgiSA==}
    engines: {node: '>=18'}
    cpu: [arm64]
    os: [darwin]

  '@esbuild/darwin-x64@0.25.2':
    resolution: {integrity: sha512-5eRPrTX7wFyuWe8FqEFPG2cU0+butQQVNcT4sVipqjLYQjjh8a8+vUTfgBKM88ObB85ahsnTwF7PSIt6PG+QkA==}
    engines: {node: '>=18'}
    cpu: [x64]
    os: [darwin]

  '@esbuild/freebsd-arm64@0.25.2':
    resolution: {integrity: sha512-mLwm4vXKiQ2UTSX4+ImyiPdiHjiZhIaE9QvC7sw0tZ6HoNMjYAqQpGyui5VRIi5sGd+uWq940gdCbY3VLvsO1w==}
    engines: {node: '>=18'}
    cpu: [arm64]
    os: [freebsd]

  '@esbuild/freebsd-x64@0.25.2':
    resolution: {integrity: sha512-6qyyn6TjayJSwGpm8J9QYYGQcRgc90nmfdUb0O7pp1s4lTY+9D0H9O02v5JqGApUyiHOtkz6+1hZNvNtEhbwRQ==}
    engines: {node: '>=18'}
    cpu: [x64]
    os: [freebsd]

  '@esbuild/linux-arm64@0.25.2':
    resolution: {integrity: sha512-gq/sjLsOyMT19I8obBISvhoYiZIAaGF8JpeXu1u8yPv8BE5HlWYobmlsfijFIZ9hIVGYkbdFhEqC0NvM4kNO0g==}
    engines: {node: '>=18'}
    cpu: [arm64]
    os: [linux]

  '@esbuild/linux-arm@0.25.2':
    resolution: {integrity: sha512-UHBRgJcmjJv5oeQF8EpTRZs/1knq6loLxTsjc3nxO9eXAPDLcWW55flrMVc97qFPbmZP31ta1AZVUKQzKTzb0g==}
    engines: {node: '>=18'}
    cpu: [arm]
    os: [linux]

  '@esbuild/linux-ia32@0.25.2':
    resolution: {integrity: sha512-bBYCv9obgW2cBP+2ZWfjYTU+f5cxRoGGQ5SeDbYdFCAZpYWrfjjfYwvUpP8MlKbP0nwZ5gyOU/0aUzZ5HWPuvQ==}
    engines: {node: '>=18'}
    cpu: [ia32]
    os: [linux]

  '@esbuild/linux-loong64@0.25.2':
    resolution: {integrity: sha512-SHNGiKtvnU2dBlM5D8CXRFdd+6etgZ9dXfaPCeJtz+37PIUlixvlIhI23L5khKXs3DIzAn9V8v+qb1TRKrgT5w==}
    engines: {node: '>=18'}
    cpu: [loong64]
    os: [linux]

  '@esbuild/linux-mips64el@0.25.2':
    resolution: {integrity: sha512-hDDRlzE6rPeoj+5fsADqdUZl1OzqDYow4TB4Y/3PlKBD0ph1e6uPHzIQcv2Z65u2K0kpeByIyAjCmjn1hJgG0Q==}
    engines: {node: '>=18'}
    cpu: [mips64el]
    os: [linux]

  '@esbuild/linux-ppc64@0.25.2':
    resolution: {integrity: sha512-tsHu2RRSWzipmUi9UBDEzc0nLc4HtpZEI5Ba+Omms5456x5WaNuiG3u7xh5AO6sipnJ9r4cRWQB2tUjPyIkc6g==}
    engines: {node: '>=18'}
    cpu: [ppc64]
    os: [linux]

  '@esbuild/linux-riscv64@0.25.2':
    resolution: {integrity: sha512-k4LtpgV7NJQOml/10uPU0s4SAXGnowi5qBSjaLWMojNCUICNu7TshqHLAEbkBdAszL5TabfvQ48kK84hyFzjnw==}
    engines: {node: '>=18'}
    cpu: [riscv64]
    os: [linux]

  '@esbuild/linux-s390x@0.25.2':
    resolution: {integrity: sha512-GRa4IshOdvKY7M/rDpRR3gkiTNp34M0eLTaC1a08gNrh4u488aPhuZOCpkF6+2wl3zAN7L7XIpOFBhnaE3/Q8Q==}
    engines: {node: '>=18'}
    cpu: [s390x]
    os: [linux]

  '@esbuild/linux-x64@0.25.2':
    resolution: {integrity: sha512-QInHERlqpTTZ4FRB0fROQWXcYRD64lAoiegezDunLpalZMjcUcld3YzZmVJ2H/Cp0wJRZ8Xtjtj0cEHhYc/uUg==}
    engines: {node: '>=18'}
    cpu: [x64]
    os: [linux]

  '@esbuild/netbsd-arm64@0.25.2':
    resolution: {integrity: sha512-talAIBoY5M8vHc6EeI2WW9d/CkiO9MQJ0IOWX8hrLhxGbro/vBXJvaQXefW2cP0z0nQVTdQ/eNyGFV1GSKrxfw==}
    engines: {node: '>=18'}
    cpu: [arm64]
    os: [netbsd]

  '@esbuild/netbsd-x64@0.25.2':
    resolution: {integrity: sha512-voZT9Z+tpOxrvfKFyfDYPc4DO4rk06qamv1a/fkuzHpiVBMOhpjK+vBmWM8J1eiB3OLSMFYNaOaBNLXGChf5tg==}
    engines: {node: '>=18'}
    cpu: [x64]
    os: [netbsd]

  '@esbuild/openbsd-arm64@0.25.2':
    resolution: {integrity: sha512-dcXYOC6NXOqcykeDlwId9kB6OkPUxOEqU+rkrYVqJbK2hagWOMrsTGsMr8+rW02M+d5Op5NNlgMmjzecaRf7Tg==}
    engines: {node: '>=18'}
    cpu: [arm64]
    os: [openbsd]

  '@esbuild/openbsd-x64@0.25.2':
    resolution: {integrity: sha512-t/TkWwahkH0Tsgoq1Ju7QfgGhArkGLkF1uYz8nQS/PPFlXbP5YgRpqQR3ARRiC2iXoLTWFxc6DJMSK10dVXluw==}
    engines: {node: '>=18'}
    cpu: [x64]
    os: [openbsd]

  '@esbuild/sunos-x64@0.25.2':
    resolution: {integrity: sha512-cfZH1co2+imVdWCjd+D1gf9NjkchVhhdpgb1q5y6Hcv9TP6Zi9ZG/beI3ig8TvwT9lH9dlxLq5MQBBgwuj4xvA==}
    engines: {node: '>=18'}
    cpu: [x64]
    os: [sunos]

  '@esbuild/win32-arm64@0.25.2':
    resolution: {integrity: sha512-7Loyjh+D/Nx/sOTzV8vfbB3GJuHdOQyrOryFdZvPHLf42Tk9ivBU5Aedi7iyX+x6rbn2Mh68T4qq1SDqJBQO5Q==}
    engines: {node: '>=18'}
    cpu: [arm64]
    os: [win32]

  '@esbuild/win32-ia32@0.25.2':
    resolution: {integrity: sha512-WRJgsz9un0nqZJ4MfhabxaD9Ft8KioqU3JMinOTvobbX6MOSUigSBlogP8QB3uxpJDsFS6yN+3FDBdqE5lg9kg==}
    engines: {node: '>=18'}
    cpu: [ia32]
    os: [win32]

  '@esbuild/win32-x64@0.25.2':
    resolution: {integrity: sha512-kM3HKb16VIXZyIeVrM1ygYmZBKybX8N4p754bw390wGO3Tf2j4L2/WYL+4suWujpgf6GBYs3jv7TyUivdd05JA==}
    engines: {node: '>=18'}
    cpu: [x64]
    os: [win32]

  '@hapi/accept@6.0.3':
    resolution: {integrity: sha512-p72f9k56EuF0n3MwlBNThyVE5PXX40g+aQh+C/xbKrfzahM2Oispv3AXmOIU51t3j77zay1qrX7IIziZXspMlw==}

  '@hapi/ammo@6.0.1':
    resolution: {integrity: sha512-pmL+nPod4g58kXrMcsGLp05O2jF4P2Q3GiL8qYV7nKYEh3cGf+rV4P5Jyi2Uq0agGhVU63GtaSAfBEZOlrJn9w==}

  '@hapi/b64@6.0.1':
    resolution: {integrity: sha512-ZvjX4JQReUmBheeCq+S9YavcnMMHWqx3S0jHNXWIM1kQDxB9cyfSycpVvjfrKcIS8Mh5N3hmu/YKo4Iag9g2Kw==}

  '@hapi/boom@10.0.1':
    resolution: {integrity: sha512-ERcCZaEjdH3OgSJlyjVk8pHIFeus91CjKP3v+MpgBNp5IvGzP2l/bRiD78nqYcKPaZdbKkK5vDBVPd2ohHBlsA==}

  '@hapi/bounce@3.0.2':
    resolution: {integrity: sha512-d0XmlTi3H9HFDHhQLjg4F4auL1EY3Wqj7j7/hGDhFFe6xAbnm3qiGrXeT93zZnPH8gH+SKAFYiRzu26xkXcH3g==}

  '@hapi/bourne@3.0.0':
    resolution: {integrity: sha512-Waj1cwPXJDucOib4a3bAISsKJVb15MKi9IvmTI/7ssVEm6sywXGjVJDhl6/umt1pK1ZS7PacXU3A1PmFKHEZ2w==}

  '@hapi/call@9.0.1':
    resolution: {integrity: sha512-uPojQRqEL1GRZR4xXPqcLMujQGaEpyVPRyBlD8Pp5rqgIwLhtveF9PkixiKru2THXvuN8mUrLeet5fqxKAAMGg==}

  '@hapi/catbox-memory@6.0.2':
    resolution: {integrity: sha512-H1l4ugoFW/ZRkqeFrIo8p1rWN0PA4MDTfu4JmcoNDvnY975o29mqoZblqFTotxNHlEkMPpIiIBJTV+Mbi+aF0g==}

  '@hapi/catbox@12.1.1':
    resolution: {integrity: sha512-hDqYB1J+R0HtZg4iPH3LEnldoaBsar6bYp0EonBmNQ9t5CO+1CqgCul2ZtFveW1ReA5SQuze9GPSU7/aecERhw==}

  '@hapi/content@6.0.0':
    resolution: {integrity: sha512-CEhs7j+H0iQffKfe5Htdak5LBOz/Qc8TRh51cF+BFv0qnuph3Em4pjGVzJMkI2gfTDdlJKWJISGWS1rK34POGA==}

  '@hapi/cryptiles@6.0.1':
    resolution: {integrity: sha512-9GM9ECEHfR8lk5ASOKG4+4ZsEzFqLfhiryIJ2ISePVB92OHLp/yne4m+zn7z9dgvM98TLpiFebjDFQ0UHcqxXQ==}
    engines: {node: '>=14.0.0'}

  '@hapi/file@3.0.0':
    resolution: {integrity: sha512-w+lKW+yRrLhJu620jT3y+5g2mHqnKfepreykvdOcl9/6up8GrQQn+l3FRTsjHTKbkbfQFkuksHpdv2EcpKcJ4Q==}

  '@hapi/hapi@21.4.0':
    resolution: {integrity: sha512-kqiRWbYYLSSt2rYbxyNj8svPsXP715p4W/K3OXpXeiiVLNSdBX4f+zfmC+dY6eyb6rqTqTAbx6x8b5HpJTkviQ==}
    engines: {node: '>=14.15.0'}

  '@hapi/heavy@8.0.1':
    resolution: {integrity: sha512-gBD/NANosNCOp6RsYTsjo2vhr5eYA3BEuogk6cxY0QdhllkkTaJFYtTXv46xd6qhBVMbMMqcSdtqey+UQU3//w==}

  '@hapi/hoek@11.0.7':
    resolution: {integrity: sha512-HV5undWkKzcB4RZUusqOpcgxOaq6VOAH7zhhIr2g3G8NF/MlFO75SjOr2NfuSx0Mh40+1FqCkagKLJRykUWoFQ==}

  '@hapi/hoek@9.3.0':
    resolution: {integrity: sha512-/c6rf4UJlmHlC9b5BaNvzAcFv7HZ2QHaV0D4/HNlBdvFnvQq8RI4kYdhyPCl7Xj+oWvTWQ8ujhqS53LIgAe6KQ==}

  '@hapi/iron@7.0.1':
    resolution: {integrity: sha512-tEZnrOujKpS6jLKliyWBl3A9PaE+ppuL/+gkbyPPDb/l2KSKQyH4lhMkVb+sBhwN+qaxxlig01JRqB8dk/mPxQ==}

  '@hapi/mimos@7.0.1':
    resolution: {integrity: sha512-b79V+BrG0gJ9zcRx1VGcCI6r6GEzzZUgiGEJVoq5gwzuB2Ig9Cax8dUuBauQCFKvl2YWSWyOc8mZ8HDaJOtkew==}

  '@hapi/nigel@5.0.1':
    resolution: {integrity: sha512-uv3dtYuB4IsNaha+tigWmN8mQw/O9Qzl5U26Gm4ZcJVtDdB1AVJOwX3X5wOX+A07qzpEZnOMBAm8jjSqGsU6Nw==}
    engines: {node: '>=14.0.0'}

  '@hapi/pez@6.1.0':
    resolution: {integrity: sha512-+FE3sFPYuXCpuVeHQ/Qag1b45clR2o54QoonE/gKHv9gukxQ8oJJZPR7o3/ydDTK6racnCJXxOyT1T93FCJMIg==}

  '@hapi/podium@5.0.2':
    resolution: {integrity: sha512-T7gf2JYHQQfEfewTQFbsaXoZxSvuXO/QBIGljucUQ/lmPnTTNAepoIKOakWNVWvo2fMEDjycu77r8k6dhreqHA==}

  '@hapi/shot@6.0.1':
    resolution: {integrity: sha512-s5ynMKZXYoDd3dqPw5YTvOR/vjHvMTxc388+0qL0jZZP1+uwXuUD32o9DuuuLsmTlyXCWi02BJl1pBpwRuUrNA==}

  '@hapi/somever@4.1.1':
    resolution: {integrity: sha512-lt3QQiDDOVRatS0ionFDNrDIv4eXz58IibQaZQDOg4DqqdNme8oa0iPWcE0+hkq/KTeBCPtEOjDOBKBKwDumVg==}

  '@hapi/statehood@8.2.0':
    resolution: {integrity: sha512-63JlCVIrsmuunWsyc3OeuFO+gH6v56swLCl7OM1w09l/exQKPUxSUDF2Slkuw8k91nIzr0A2/aPvjLOWf9ksrg==}

  '@hapi/subtext@8.1.0':
    resolution: {integrity: sha512-PyaN4oSMtqPjjVxLny1k0iYg4+fwGusIhaom9B2StinBclHs7v46mIW706Y+Wo21lcgulGyXbQrmT/w4dus6ww==}

  '@hapi/teamwork@6.0.0':
    resolution: {integrity: sha512-05HumSy3LWfXpmJ9cr6HzwhAavrHkJ1ZRCmNE2qJMihdM5YcWreWPfyN0yKT2ZjCM92au3ZkuodjBxOibxM67A==}
    engines: {node: '>=14.0.0'}

  '@hapi/topo@5.1.0':
    resolution: {integrity: sha512-foQZKJig7Ob0BMAYBfcJk8d77QtOe7Wo4ox7ff1lQYoNNAb6jwcY1ncdoy2e9wQZzvNy7ODZCYJkK8kzmcAnAg==}

  '@hapi/topo@6.0.2':
    resolution: {integrity: sha512-KR3rD5inZbGMrHmgPxsJ9dbi6zEK+C3ZwUwTa+eMwWLz7oijWUTWD2pMSNNYJAU6Qq+65NkxXjqHr/7LM2Xkqg==}

  '@hapi/validate@2.0.1':
    resolution: {integrity: sha512-NZmXRnrSLK8MQ9y/CMqE9WSspgB9xA41/LlYR0k967aSZebWr4yNrpxIbov12ICwKy4APSlWXZga9jN5p6puPA==}

  '@hapi/vise@5.0.1':
    resolution: {integrity: sha512-XZYWzzRtINQLedPYlIkSkUr7m5Ddwlu99V9elh8CSygXstfv3UnWIXT0QD+wmR0VAG34d2Vx3olqcEhRRoTu9A==}

  '@hapi/wreck@18.1.0':
    resolution: {integrity: sha512-0z6ZRCmFEfV/MQqkQomJ7sl/hyxvcZM7LtuVqN3vdAO4vM9eBbowl0kaqQj9EJJQab+3Uuh1GxbGIBFy4NfJ4w==}

  '@nodelib/fs.scandir@2.1.5':
    resolution: {integrity: sha512-vq24Bq3ym5HEQm2NKCr3yXDwjc7vTsEThRDnkp2DK9p1uqLR+DHurm/NOTo0KG7HYHU7eppKZj3MyqYuMBf62g==}
    engines: {node: '>= 8'}

  '@nodelib/fs.stat@2.0.5':
    resolution: {integrity: sha512-RkhPPp2zrqDAQA/2jNhnztcPAlv64XdhIp7a7454A5ovI7Bukxgt7MX7udwAu3zg1DcpPU0rz3VV1SeaqvY4+A==}
    engines: {node: '>= 8'}

  '@nodelib/fs.walk@1.2.8':
    resolution: {integrity: sha512-oGB+UxlgWcgQkgwo8GcEGwemoTFt3FIO9ababBmaGwXIoBKZ+GTy0pP185beGg7Llih/NSHSV2XAs1lnznocSg==}
    engines: {node: '>= 8'}

  '@sideway/address@4.1.5':
    resolution: {integrity: sha512-IqO/DUQHUkPeixNQ8n0JA6102hT9CmaljNTPmQ1u8MEhBo/R4Q8eKLN/vGZxuebwOroDB4cbpjheD4+/sKFK4Q==}

  '@sideway/formula@3.0.1':
    resolution: {integrity: sha512-/poHZJJVjx3L+zVD6g9KgHfYnb443oi7wLu/XKojDviHy6HOEOA6z1Trk5aR1dGcmPenJEgb2sK2I80LeS3MIg==}

  '@sideway/pinpoint@2.0.0':
    resolution: {integrity: sha512-RNiOoTPkptFtSVzQevY/yWtZwf/RxyVnPy/OcA9HBM3MlGDnBEYL5B41H0MTn0Uec8Hi+2qUtTfG2WWZBmMejQ==}

  '@types/node-fetch@2.6.12':
    resolution: {integrity: sha512-8nneRWKCg3rMtF69nLQJnOYUcbafYeFSjqkw3jCRLsqkWFlHaoQrr5mXmofFGOx3DKn7UfmBMyov8ySvLRVldA==}

  '@types/node@18.19.86':
    resolution: {integrity: sha512-fifKayi175wLyKyc5qUfyENhQ1dCNI1UNjp653d8kuYcPQN5JhX3dGuP/XmvPTg/xRBn1VTLpbmi+H/Mr7tLfQ==}

  '@types/node@22.14.1':
    resolution: {integrity: sha512-u0HuPQwe/dHrItgHHpmw3N2fYCR6x4ivMNbPHRkBVP4CvN+kiRrKHWk3i8tXiO/joPwXLMYvF9TTF0eqgHIuOw==}

  abort-controller@3.0.0:
    resolution: {integrity: sha512-h8lQ8tacZYnR3vNQTgibj+tODHI5/+l06Au2Pcriv/Gmet0eaj4TwWH41sO9wnHDiQsEj19q0drzdWdeAHtweg==}
    engines: {node: '>=6.5'}

  agentkeepalive@4.6.0:
    resolution: {integrity: sha512-kja8j7PjmncONqaTsB8fQ+wE2mSU2DJ9D4XKoJ5PFWIdRMa6SLSN1ff4mOr4jCbfRSsxR4keIiySJU0N9T5hIQ==}
    engines: {node: '>= 8.0.0'}

  asynckit@0.4.0:
    resolution: {integrity: sha512-Oei9OH4tRh0YqU3GxhX79dM/mwVgvbZJaSNaRk+bshkj0S5cfHcgYakreBjrHwatXKbz+IoIdYLxrKim2MjW0Q==}

  braces@3.0.3:
    resolution: {integrity: sha512-yQbXgO/OSZVD2IsiLlro+7Hf6Q18EJrKSEsdoMzKePKXct3gvD8oLcOQdIzGupr5Fj+EDe8gO/lxc1BzfMpxvA==}
    engines: {node: '>=8'}

  call-bind-apply-helpers@1.0.2:
    resolution: {integrity: sha512-Sp1ablJ0ivDkSzjcaJdxEunN5/XvksFJ2sMBFfq6x0ryhQV/2b/KwFe21cMpmHtPOSij8K99/wSfoEuTObmuMQ==}
    engines: {node: '>= 0.4'}

  combined-stream@1.0.8:
    resolution: {integrity: sha512-FQN4MRfuJeHf7cBbBMJFXhKSDq+2kAArBlmRBvcvFE5BB1HZKXtSFASDhdlz9zOYwxh8lDdnvmMOe/+5cdoEdg==}
    engines: {node: '>= 0.8'}

  delayed-stream@1.0.0:
    resolution: {integrity: sha512-ZySD7Nf91aLB0RxL4KGrKHBXl7Eds1DAmEdcoVawXnLD7SDhpNgtuII2aAkg7a7QS41jxPSZ17p4VdGnMHk3MQ==}
    engines: {node: '>=0.4.0'}

  dotenv@16.5.0:
    resolution: {integrity: sha512-m/C+AwOAr9/W1UOIZUo232ejMNnJAJtYQjUbHoNTBNTJSvqzzDh7vnrei3o3r3m9blf6ZoDkvcw0VmozNRFJxg==}
    engines: {node: '>=12'}

  dunder-proto@1.0.1:
    resolution: {integrity: sha512-KIN/nDJBQRcXw0MLVhZE9iQHmG68qAVIBg9CqmUYjmQIhgij9U5MFvrqkUL5FbtyyzZuOeOt0zdeRe4UY7ct+A==}
    engines: {node: '>= 0.4'}

  es-define-property@1.0.1:
    resolution: {integrity: sha512-e3nRfgfUZ4rNGL232gUgX06QNyyez04KdjFrF+LTRoOXmrOgFKDg4BCdsjW8EnT69eqdYGmRpJwiPVYNrCaW3g==}
    engines: {node: '>= 0.4'}

  es-errors@1.3.0:
    resolution: {integrity: sha512-Zf5H2Kxt2xjTvbJvP2ZWLEICxA6j+hAmMzIlypy4xcBg1vKVnx89Wy0GbS+kf5cwCVFFzdCFh2XSCFNULS6csw==}
    engines: {node: '>= 0.4'}

  es-object-atoms@1.1.1:
    resolution: {integrity: sha512-FGgH2h8zKNim9ljj7dankFPcICIK9Cp5bm+c2gQSYePhpaG5+esrLODihIorn+Pe6FGJzWhXQotPv73jTaldXA==}
    engines: {node: '>= 0.4'}

  es-set-tostringtag@2.1.0:
    resolution: {integrity: sha512-j6vWzfrGVfyXxge+O0x5sh6cvxAog0a/4Rdd2K36zCMV5eJ+/+tOAngRO8cODMNWbVRdVlmGZQL2YS3yR8bIUA==}
    engines: {node: '>= 0.4'}

  esbuild@0.25.2:
    resolution: {integrity: sha512-16854zccKPnC+toMywC+uKNeYSv+/eXkevRAfwRD/G9Cleq66m8XFIrigkbvauLLlCfDL45Q2cWegSg53gGBnQ==}
    engines: {node: '>=18'}
    hasBin: true

  event-target-shim@5.0.1:
    resolution: {integrity: sha512-i/2XbnSz/uxRCU6+NdVJgKWDTM427+MqYbkQzD321DuCQJUqOuJKIA0IM2+W2xtYHdKOmZ4dR6fExsd4SXL+WQ==}
    engines: {node: '>=6'}

  fast-glob@3.3.3:
    resolution: {integrity: sha512-7MptL8U0cqcFdzIzwOTHoilX9x5BrNqye7Z/LuC7kCMRio1EMSyqRK3BEAUD7sXRq4iT4AzTVuZdhgQ2TCvYLg==}
    engines: {node: '>=8.6.0'}

  fastq@1.19.1:
    resolution: {integrity: sha512-GwLTyxkCXjXbxqIhTsMI2Nui8huMPtnxg7krajPJAjnEG/iiOS7i+zCtWGZR9G0NBKbXKh6X9m9UIsYX/N6vvQ==}

  fill-range@7.1.1:
    resolution: {integrity: sha512-YsGpe3WHLK8ZYi4tWDg2Jy3ebRz2rXowDxnld4bkQB00cc/1Zw9AWnC0i9ztDJitivtQvaI9KaLyKrc+hBW0yg==}
    engines: {node: '>=8'}

  form-data-encoder@1.7.2:
    resolution: {integrity: sha512-qfqtYan3rxrnCk1VYaA4H+Ms9xdpPqvLZa6xmMgFvhO32x7/3J/ExcTd6qpxM0vH2GdMI+poehyBZvqfMTto8A==}

  form-data@4.0.2:
    resolution: {integrity: sha512-hGfm/slu0ZabnNt4oaRZ6uREyfCj6P4fT/n6A1rGV+Z0VdGXjfOhVUpkn6qVQONHGIFwmveGXyDs75+nr6FM8w==}
    engines: {node: '>= 6'}

  formdata-node@4.4.1:
    resolution: {integrity: sha512-0iirZp3uVDjVGt9p49aTaqjk84TrglENEDuqfdlZQ1roC9CWlPk6Avf8EEnZNcAqPonwkG35x4n3ww/1THYAeQ==}
    engines: {node: '>= 12.20'}

  fsevents@2.3.3:
    resolution: {integrity: sha512-5xoDfX+fL7faATnagmWPpbFtwh/R77WmMMqqHGS65C3vvB0YHrgF+B1YmZ3441tMj5n63k0212XNoJwzlhffQw==}
    engines: {node: ^8.16.0 || ^10.6.0 || >=11.0.0}
    os: [darwin]

  function-bind@1.1.2:
    resolution: {integrity: sha512-7XHNxH7qX9xG5mIwxkhumTox/MIRNcOgDrxWsMt2pAr23WHp6MrRlN7FBSFpCpr+oVO0F744iUgR82nJMfG2SA==}

  get-intrinsic@1.3.0:
    resolution: {integrity: sha512-9fSjSaos/fRIVIp+xSJlE6lfwhES7LNtKaCBIamHsjr2na1BiABJPo0mOjjz8GJDURarmCPGqaiVg5mfjb98CQ==}
    engines: {node: '>= 0.4'}

  get-proto@1.0.1:
    resolution: {integrity: sha512-sTSfBjoXBp89JvIKIefqw7U2CCebsc74kiY6awiGogKtoSGbgjYE/G/+l9sF3MWFPNc9IcoOC4ODfKHfxFmp0g==}
    engines: {node: '>= 0.4'}

  get-tsconfig@4.10.0:
    resolution: {integrity: sha512-kGzZ3LWWQcGIAmg6iWvXn0ei6WDtV26wzHRMwDSzmAbcXrTEXxHy6IehI6/4eT6VRKyMP1eF1VqwrVUmE/LR7A==}

  glob-parent@5.1.2:
    resolution: {integrity: sha512-AOIgSQCepiJYwP3ARnGx+5VnTu2HBYdzbGP45eLw1vr3zB3vZLeyed1sC9hnbcOc9/SrMyM5RPQrkGz4aS9Zow==}
    engines: {node: '>= 6'}

  gopd@1.2.0:
    resolution: {integrity: sha512-ZUKRh6/kUFoAiTAtTYPZJ3hw9wNxx+BIBOijnlG9PnrJsCcSjs1wyyD6vJpaYtgnzDrKYRSqf3OO6Rfa93xsRg==}
    engines: {node: '>= 0.4'}

  has-symbols@1.1.0:
    resolution: {integrity: sha512-1cDNdwJ2Jaohmb3sg4OmKaMBwuC48sYni5HUw2DvsC8LjGTLK9h+eb1X6RyuOHe4hT0ULCW68iomhjUoKUqlPQ==}
    engines: {node: '>= 0.4'}

  has-tostringtag@1.0.2:
    resolution: {integrity: sha512-NqADB8VjPFLM2V0VvHUewwwsw0ZWBaIdgo+ieHtK3hasLz4qeCRjYcqfB6AQrBggRKppKF8L52/VqdVsO47Dlw==}
    engines: {node: '>= 0.4'}

  hasown@2.0.2:
    resolution: {integrity: sha512-0hJU9SCPvmMzIBdZFqNPXWa6dqh7WdH0cII9y+CyS8rG3nL48Bclra9HmKhVVUHyPWNH5Y7xDwAB7bfgSjkUMQ==}
    engines: {node: '>= 0.4'}

  humanize-ms@1.2.1:
    resolution: {integrity: sha512-Fl70vYtsAFb/C06PTS9dZBo7ihau+Tu/DNCk/OyHhea07S+aeMWpFFkUaXRa8fI+ScZbEI8dfSxwY7gxZ9SAVQ==}

  is-extglob@2.1.1:
    resolution: {integrity: sha512-SbKbANkN603Vi4jEZv49LeVJMn4yGwsbzZworEoyEiutsN3nJYdbO36zfhGJ6QEDpOZIFkDtnq5JRxmvl3jsoQ==}
    engines: {node: '>=0.10.0'}

  is-glob@4.0.3:
    resolution: {integrity: sha512-xelSayHH36ZgE7ZWhli7pW34hNbNl8Ojv5KVmkJD4hBdD3th8Tfk9vYasLM+mXWOZhFkgZfxhLSnrwRr4elSSg==}
    engines: {node: '>=0.10.0'}

  is-number@7.0.0:
    resolution: {integrity: sha512-41Cifkg6e8TylSpdtTpeLVMqvSBEVzTttHvERD741+pnZ8ANv0004MRL43QKPDlK9cGvNp6NZWZUBlbGXYxxng==}
    engines: {node: '>=0.12.0'}

  joi@17.13.3:
    resolution: {integrity: sha512-otDA4ldcIx+ZXsKHWmp0YizCweVRZG96J10b0FevjfuncLO1oX59THoAmHkNubYJ+9gWsYsp5k8v4ib6oDv1fA==}

  math-intrinsics@1.1.0:
    resolution: {integrity: sha512-/IXtbwEk5HTPyEwyKX6hGkYXxM9nbj64B+ilVJnC/R6B0pH5G4V3b0pVbL7DBj4tkhBAppbQUlf6F6Xl9LHu1g==}
    engines: {node: '>= 0.4'}

  merge2@1.4.1:
    resolution: {integrity: sha512-8q7VEgMJW4J8tcfVPy8g09NcQwZdbwFEqhe/WZkoIzjn/3TGDwtOCYtXGxA3O8tPzpczCCDgv+P2P5y00ZJOOg==}
    engines: {node: '>= 8'}

  micromatch@4.0.8:
    resolution: {integrity: sha512-PXwfBhYu0hBCPw8Dn0E+WDYb7af3dSLVWKi3HGv84IdF4TyFoC0ysxFd0Goxw7nSv4T/PzEJQxsYsEiFCKo2BA==}
    engines: {node: '>=8.6'}

  mime-db@1.52.0:
    resolution: {integrity: sha512-sPU4uV7dYlvtWJxwwxHD0PuihVNiE7TyAbQ5SWxDCB9mUYvOgroQOwYQQOKPJ8CIbE+1ETVlOoK1UC2nU3gYvg==}
    engines: {node: '>= 0.6'}

  mime-db@1.54.0:
    resolution: {integrity: sha512-aU5EJuIN2WDemCcAp2vFBfp/m4EAhWJnUNSSw0ixs7/kXbd6Pg64EmwJkNdFhB8aWt1sH2CTXrLxo/iAGV3oPQ==}
    engines: {node: '>= 0.6'}

  mime-types@2.1.35:
    resolution: {integrity: sha512-ZDY+bPm5zTTF+YpCrAU9nK0UgICYPT0QtT1NZWFv4s++TNkcgVaT0g6+4R2uI4MjQjzysHB1zxuWL50hzaeXiw==}
    engines: {node: '>= 0.6'}

  ms@2.1.3:
    resolution: {integrity: sha512-6FlzubTLZG3J2a/NVCAleEhjzq5oxgHyaCU9yYXvcLsvoVaHJq/s5xXI6/XXP6tz7R9xAOtHnSO/tXtF3WRTlA==}

  node-domexception@1.0.0:
    resolution: {integrity: sha512-/jKZoMpw0F8GRwl4/eLROPA3cfcXtLApP0QzLmUT/HuPCZWyB7IY9ZrMeKw2O/nFIqPQB3PVM9aYm0F312AXDQ==}
    engines: {node: '>=10.5.0'}
    deprecated: Use your platform's native DOMException instead

  node-fetch@2.7.0:
    resolution: {integrity: sha512-c4FRfUm/dbcWZ7U+1Wq0AwCyFL+3nt2bEw05wfxSz+DWpWsitgmSgYmy2dQdWyKC1694ELPqMs/YzUSNozLt8A==}
    engines: {node: 4.x || >=6.0.0}
    peerDependencies:
      encoding: ^0.1.0
    peerDependenciesMeta:
      encoding:
        optional: true

  openai@4.95.1:
    resolution: {integrity: sha512-IqJy+ymeW+k/Wq+2YVN3693OQMMcODRtHEYOlz263MdUwnN/Dwdl9c2EXSxLLtGEHkSHAfvzpDMHI5MaWJKXjQ==}
    hasBin: true
    peerDependencies:
      ws: ^8.18.0
      zod: ^3.23.8
    peerDependenciesMeta:
      ws:
        optional: true
      zod:
        optional: true

  picomatch@2.3.1:
    resolution: {integrity: sha512-JU3teHTNjmE2VCGFzuY8EXzCDVwEqB2a8fsIvwaStHhAWJEeVd1o1QD80CU6+ZdEXXSLbSsuLwJjkCBWqRQUVA==}
    engines: {node: '>=8.6'}

  queue-microtask@1.2.3:
    resolution: {integrity: sha512-NuaNSa6flKT5JaSYQzJok04JzTL1CA6aGhv5rfLW3PgqA+M2ChpZQnAC8h8i4ZFkBS8X5RqkDBHA7r4hej3K9A==}

  resolve-pkg-maps@1.0.0:
    resolution: {integrity: sha512-seS2Tj26TBVOC2NIc2rOe2y2ZO7efxITtLZcGSOnHHNOQ7CkiUBfw0Iw2ck6xkIhPwLhKNLS8BO+hEpngQlqzw==}

  reusify@1.1.0:
    resolution: {integrity: sha512-g6QUff04oZpHs0eG5p83rFLhHeV00ug/Yf9nZM6fLeUrPguBTkTQOdpAWWspMh55TZfVQDPaN3NQJfbVRAxdIw==}
    engines: {iojs: '>=1.0.0', node: '>=0.10.0'}

  run-parallel@1.2.0:
    resolution: {integrity: sha512-5l4VyZR86LZ/lDxZTR6jqL8AFE2S0IFLMP26AbjsLVADxHdhB/c0GUsH+y39UfCi3dzz8OlQuPmnaJOMoDHQBA==}

  to-regex-range@5.0.1:
    resolution: {integrity: sha512-65P7iz6X5yEr1cwcgvQxbbIw7Uk3gOy5dIdtZ4rDveLqhrdJP+Li/Hx6tyK0NEb+2GCyneCMJiGqrADCSNk8sQ==}
    engines: {node: '>=8.0'}

  tr46@0.0.3:
    resolution: {integrity: sha512-N3WMsuqV66lT30CrXNbEjx4GEwlow3v6rr4mCcv6prnfwhS01rkgyFdjPNBYd9br7LpXV1+Emh01fHnq2Gdgrw==}

  tsx@4.19.3:
    resolution: {integrity: sha512-4H8vUNGNjQ4V2EOoGw005+c+dGuPSnhpPBPHBtsZdGZBk/iJb4kguGlPWaZTZ3q5nMtFOEsY0nRDlh9PJyd6SQ==}
    engines: {node: '>=18.0.0'}
    hasBin: true

  typescript@5.8.3:
    resolution: {integrity: sha512-p1diW6TqL9L07nNxvRMM7hMMw4c5XOo/1ibL4aAIGmSAt9slTE1Xgw5KWuof2uTOvCg9BY7ZRi+GaF+7sfgPeQ==}
    engines: {node: '>=14.17'}
    hasBin: true

  undici-types@5.26.5:
    resolution: {integrity: sha512-JlCMO+ehdEIKqlFxk6IfVoAUVmgz7cU7zD/h9XZ0qzeosSHmUJVOzSQvvYSYWXkFXC+IfLKSIffhv0sVZup6pA==}

  undici-types@6.21.0:
    resolution: {integrity: sha512-iwDZqg0QAGrg9Rav5H4n0M64c3mkR59cJ6wQp+7C4nI0gsmExaedaYLNO44eT4AtBBwjbTiGPMlt2Md0T9H9JQ==}

  web-streams-polyfill@4.0.0-beta.3:
    resolution: {integrity: sha512-QW95TCTaHmsYfHDybGMwO5IJIM93I/6vTRk+daHTWFPhwh+C8Cg7j7XyKrwrj8Ib6vYXe0ocYNrmzY4xAAN6ug==}
    engines: {node: '>= 14'}

  webidl-conversions@3.0.1:
    resolution: {integrity: sha512-2JAn3z8AR6rjK8Sm8orRC0h/bcl/DqL7tRPdGZ4I1CjdF+EaMLmYxBHyXuKL849eucPFhvBoxMsflfOb8kxaeQ==}

  whatwg-url@5.0.0:
    resolution: {integrity: sha512-saE57nupxk6v3HY35+jzBwYa0rKSy0XR8JSxZPwgLr7ys0IBzhGviA1/TUGJLmSVqs8pb9AnvICXEuOHLprYTw==}

  zod@3.24.3:
    resolution: {integrity: sha512-HhY1oqzWCQWuUqvBFnsyrtZRhyPeR7SUGv+C4+MsisMuVfSPx8HpwWqH8tRahSlt6M3PiFAcoeFhZAqIXTxoSg==}

snapshots:

  '@esbuild/aix-ppc64@0.25.2':
    optional: true

  '@esbuild/android-arm64@0.25.2':
    optional: true

  '@esbuild/android-arm@0.25.2':
    optional: true

  '@esbuild/android-x64@0.25.2':
    optional: true

  '@esbuild/darwin-arm64@0.25.2':
    optional: true

  '@esbuild/darwin-x64@0.25.2':
    optional: true

  '@esbuild/freebsd-arm64@0.25.2':
    optional: true

  '@esbuild/freebsd-x64@0.25.2':
    optional: true

  '@esbuild/linux-arm64@0.25.2':
    optional: true

  '@esbuild/linux-arm@0.25.2':
    optional: true

  '@esbuild/linux-ia32@0.25.2':
    optional: true

  '@esbuild/linux-loong64@0.25.2':
    optional: true

  '@esbuild/linux-mips64el@0.25.2':
    optional: true

  '@esbuild/linux-ppc64@0.25.2':
    optional: true

  '@esbuild/linux-riscv64@0.25.2':
    optional: true

  '@esbuild/linux-s390x@0.25.2':
    optional: true

  '@esbuild/linux-x64@0.25.2':
    optional: true

  '@esbuild/netbsd-arm64@0.25.2':
    optional: true

  '@esbuild/netbsd-x64@0.25.2':
    optional: true

  '@esbuild/openbsd-arm64@0.25.2':
    optional: true

  '@esbuild/openbsd-x64@0.25.2':
    optional: true

  '@esbuild/sunos-x64@0.25.2':
    optional: true

  '@esbuild/win32-arm64@0.25.2':
    optional: true

  '@esbuild/win32-ia32@0.25.2':
    optional: true

  '@esbuild/win32-x64@0.25.2':
    optional: true

  '@hapi/accept@6.0.3':
    dependencies:
      '@hapi/boom': 10.0.1
      '@hapi/hoek': 11.0.7

  '@hapi/ammo@6.0.1':
    dependencies:
      '@hapi/hoek': 11.0.7

  '@hapi/b64@6.0.1':
    dependencies:
      '@hapi/hoek': 11.0.7

  '@hapi/boom@10.0.1':
    dependencies:
      '@hapi/hoek': 11.0.7

  '@hapi/bounce@3.0.2':
    dependencies:
      '@hapi/boom': 10.0.1
      '@hapi/hoek': 11.0.7

  '@hapi/bourne@3.0.0': {}

  '@hapi/call@9.0.1':
    dependencies:
      '@hapi/boom': 10.0.1
      '@hapi/hoek': 11.0.7

  '@hapi/catbox-memory@6.0.2':
    dependencies:
      '@hapi/boom': 10.0.1
      '@hapi/hoek': 11.0.7

  '@hapi/catbox@12.1.1':
    dependencies:
      '@hapi/boom': 10.0.1
      '@hapi/hoek': 11.0.7
      '@hapi/podium': 5.0.2
      '@hapi/validate': 2.0.1

  '@hapi/content@6.0.0':
    dependencies:
      '@hapi/boom': 10.0.1

  '@hapi/cryptiles@6.0.1':
    dependencies:
      '@hapi/boom': 10.0.1

  '@hapi/file@3.0.0': {}

  '@hapi/hapi@21.4.0':
    dependencies:
      '@hapi/accept': 6.0.3
      '@hapi/ammo': 6.0.1
      '@hapi/boom': 10.0.1
      '@hapi/bounce': 3.0.2
      '@hapi/call': 9.0.1
      '@hapi/catbox': 12.1.1
      '@hapi/catbox-memory': 6.0.2
      '@hapi/heavy': 8.0.1
      '@hapi/hoek': 11.0.7
      '@hapi/mimos': 7.0.1
      '@hapi/podium': 5.0.2
      '@hapi/shot': 6.0.1
      '@hapi/somever': 4.1.1
      '@hapi/statehood': 8.2.0
      '@hapi/subtext': 8.1.0
      '@hapi/teamwork': 6.0.0
      '@hapi/topo': 6.0.2
      '@hapi/validate': 2.0.1

  '@hapi/heavy@8.0.1':
    dependencies:
      '@hapi/boom': 10.0.1
      '@hapi/hoek': 11.0.7
      '@hapi/validate': 2.0.1

  '@hapi/hoek@11.0.7': {}

  '@hapi/hoek@9.3.0': {}

  '@hapi/iron@7.0.1':
    dependencies:
      '@hapi/b64': 6.0.1
      '@hapi/boom': 10.0.1
      '@hapi/bourne': 3.0.0
      '@hapi/cryptiles': 6.0.1
      '@hapi/hoek': 11.0.7

  '@hapi/mimos@7.0.1':
    dependencies:
      '@hapi/hoek': 11.0.7
      mime-db: 1.54.0

  '@hapi/nigel@5.0.1':
    dependencies:
      '@hapi/hoek': 11.0.7
      '@hapi/vise': 5.0.1

  '@hapi/pez@6.1.0':
    dependencies:
      '@hapi/b64': 6.0.1
      '@hapi/boom': 10.0.1
      '@hapi/content': 6.0.0
      '@hapi/hoek': 11.0.7
      '@hapi/nigel': 5.0.1

  '@hapi/podium@5.0.2':
    dependencies:
      '@hapi/hoek': 11.0.7
      '@hapi/teamwork': 6.0.0
      '@hapi/validate': 2.0.1

  '@hapi/shot@6.0.1':
    dependencies:
      '@hapi/hoek': 11.0.7
      '@hapi/validate': 2.0.1

  '@hapi/somever@4.1.1':
    dependencies:
      '@hapi/bounce': 3.0.2
      '@hapi/hoek': 11.0.7

  '@hapi/statehood@8.2.0':
    dependencies:
      '@hapi/boom': 10.0.1
      '@hapi/bounce': 3.0.2
      '@hapi/bourne': 3.0.0
      '@hapi/cryptiles': 6.0.1
      '@hapi/hoek': 11.0.7
      '@hapi/iron': 7.0.1
      '@hapi/validate': 2.0.1

  '@hapi/subtext@8.1.0':
    dependencies:
      '@hapi/boom': 10.0.1
      '@hapi/bourne': 3.0.0
      '@hapi/content': 6.0.0
      '@hapi/file': 3.0.0
      '@hapi/hoek': 11.0.7
      '@hapi/pez': 6.1.0
      '@hapi/wreck': 18.1.0

  '@hapi/teamwork@6.0.0': {}

  '@hapi/topo@5.1.0':
    dependencies:
      '@hapi/hoek': 9.3.0

  '@hapi/topo@6.0.2':
    dependencies:
      '@hapi/hoek': 11.0.7

  '@hapi/validate@2.0.1':
    dependencies:
      '@hapi/hoek': 11.0.7
      '@hapi/topo': 6.0.2

  '@hapi/vise@5.0.1':
    dependencies:
      '@hapi/hoek': 11.0.7

  '@hapi/wreck@18.1.0':
    dependencies:
      '@hapi/boom': 10.0.1
      '@hapi/bourne': 3.0.0
      '@hapi/hoek': 11.0.7

  '@nodelib/fs.scandir@2.1.5':
    dependencies:
      '@nodelib/fs.stat': 2.0.5
      run-parallel: 1.2.0

  '@nodelib/fs.stat@2.0.5': {}

  '@nodelib/fs.walk@1.2.8':
    dependencies:
      '@nodelib/fs.scandir': 2.1.5
      fastq: 1.19.1

  '@sideway/address@4.1.5':
    dependencies:
      '@hapi/hoek': 9.3.0

  '@sideway/formula@3.0.1': {}

  '@sideway/pinpoint@2.0.0': {}

  '@types/node-fetch@2.6.12':
    dependencies:
      '@types/node': 22.14.1
      form-data: 4.0.2

  '@types/node@18.19.86':
    dependencies:
      undici-types: 5.26.5

  '@types/node@22.14.1':
    dependencies:
      undici-types: 6.21.0

  abort-controller@3.0.0:
    dependencies:
      event-target-shim: 5.0.1

  agentkeepalive@4.6.0:
    dependencies:
      humanize-ms: 1.2.1

  asynckit@0.4.0: {}

  braces@3.0.3:
    dependencies:
      fill-range: 7.1.1

  call-bind-apply-helpers@1.0.2:
    dependencies:
      es-errors: 1.3.0
      function-bind: 1.1.2

  combined-stream@1.0.8:
    dependencies:
      delayed-stream: 1.0.0

  delayed-stream@1.0.0: {}

  dotenv@16.5.0: {}

  dunder-proto@1.0.1:
    dependencies:
      call-bind-apply-helpers: 1.0.2
      es-errors: 1.3.0
      gopd: 1.2.0

  es-define-property@1.0.1: {}

  es-errors@1.3.0: {}

  es-object-atoms@1.1.1:
    dependencies:
      es-errors: 1.3.0

  es-set-tostringtag@2.1.0:
    dependencies:
      es-errors: 1.3.0
      get-intrinsic: 1.3.0
      has-tostringtag: 1.0.2
      hasown: 2.0.2

  esbuild@0.25.2:
    optionalDependencies:
      '@esbuild/aix-ppc64': 0.25.2
      '@esbuild/android-arm': 0.25.2
      '@esbuild/android-arm64': 0.25.2
      '@esbuild/android-x64': 0.25.2
      '@esbuild/darwin-arm64': 0.25.2
      '@esbuild/darwin-x64': 0.25.2
      '@esbuild/freebsd-arm64': 0.25.2
      '@esbuild/freebsd-x64': 0.25.2
      '@esbuild/linux-arm': 0.25.2
      '@esbuild/linux-arm64': 0.25.2
      '@esbuild/linux-ia32': 0.25.2
      '@esbuild/linux-loong64': 0.25.2
      '@esbuild/linux-mips64el': 0.25.2
      '@esbuild/linux-ppc64': 0.25.2
      '@esbuild/linux-riscv64': 0.25.2
      '@esbuild/linux-s390x': 0.25.2
      '@esbuild/linux-x64': 0.25.2
      '@esbuild/netbsd-arm64': 0.25.2
      '@esbuild/netbsd-x64': 0.25.2
      '@esbuild/openbsd-arm64': 0.25.2
      '@esbuild/openbsd-x64': 0.25.2
      '@esbuild/sunos-x64': 0.25.2
      '@esbuild/win32-arm64': 0.25.2
      '@esbuild/win32-ia32': 0.25.2
      '@esbuild/win32-x64': 0.25.2

  event-target-shim@5.0.1: {}

  fast-glob@3.3.3:
    dependencies:
      '@nodelib/fs.stat': 2.0.5
      '@nodelib/fs.walk': 1.2.8
      glob-parent: 5.1.2
      merge2: 1.4.1
      micromatch: 4.0.8

  fastq@1.19.1:
    dependencies:
      reusify: 1.1.0

  fill-range@7.1.1:
    dependencies:
      to-regex-range: 5.0.1

  form-data-encoder@1.7.2: {}

  form-data@4.0.2:
    dependencies:
      asynckit: 0.4.0
      combined-stream: 1.0.8
      es-set-tostringtag: 2.1.0
      mime-types: 2.1.35

  formdata-node@4.4.1:
    dependencies:
      node-domexception: 1.0.0
      web-streams-polyfill: 4.0.0-beta.3

  fsevents@2.3.3:
    optional: true

  function-bind@1.1.2: {}

  get-intrinsic@1.3.0:
    dependencies:
      call-bind-apply-helpers: 1.0.2
      es-define-property: 1.0.1
      es-errors: 1.3.0
      es-object-atoms: 1.1.1
      function-bind: 1.1.2
      get-proto: 1.0.1
      gopd: 1.2.0
      has-symbols: 1.1.0
      hasown: 2.0.2
      math-intrinsics: 1.1.0

  get-proto@1.0.1:
    dependencies:
      dunder-proto: 1.0.1
      es-object-atoms: 1.1.1

  get-tsconfig@4.10.0:
    dependencies:
      resolve-pkg-maps: 1.0.0

  glob-parent@5.1.2:
    dependencies:
      is-glob: 4.0.3

  gopd@1.2.0: {}

  has-symbols@1.1.0: {}

  has-tostringtag@1.0.2:
    dependencies:
      has-symbols: 1.1.0

  hasown@2.0.2:
    dependencies:
      function-bind: 1.1.2

  humanize-ms@1.2.1:
    dependencies:
      ms: 2.1.3

  is-extglob@2.1.1: {}

  is-glob@4.0.3:
    dependencies:
      is-extglob: 2.1.1

  is-number@7.0.0: {}

  joi@17.13.3:
    dependencies:
      '@hapi/hoek': 9.3.0
      '@hapi/topo': 5.1.0
      '@sideway/address': 4.1.5
      '@sideway/formula': 3.0.1
      '@sideway/pinpoint': 2.0.0

  math-intrinsics@1.1.0: {}

  merge2@1.4.1: {}

  micromatch@4.0.8:
    dependencies:
      braces: 3.0.3
      picomatch: 2.3.1

  mime-db@1.52.0: {}

  mime-db@1.54.0: {}

  mime-types@2.1.35:
    dependencies:
      mime-db: 1.52.0

  ms@2.1.3: {}

  node-domexception@1.0.0: {}

  node-fetch@2.7.0:
    dependencies:
      whatwg-url: 5.0.0

  openai@4.95.1(zod@3.24.3):
    dependencies:
      '@types/node': 18.19.86
      '@types/node-fetch': 2.6.12
      abort-controller: 3.0.0
      agentkeepalive: 4.6.0
      form-data-encoder: 1.7.2
      formdata-node: 4.4.1
      node-fetch: 2.7.0
    optionalDependencies:
      zod: 3.24.3
    transitivePeerDependencies:
      - encoding

  picomatch@2.3.1: {}

  queue-microtask@1.2.3: {}

  resolve-pkg-maps@1.0.0: {}

  reusify@1.1.0: {}

  run-parallel@1.2.0:
    dependencies:
      queue-microtask: 1.2.3

  to-regex-range@5.0.1:
    dependencies:
      is-number: 7.0.0

  tr46@0.0.3: {}

  tsx@4.19.3:
    dependencies:
      esbuild: 0.25.2
      get-tsconfig: 4.10.0
    optionalDependencies:
      fsevents: 2.3.3

  typescript@5.8.3: {}

  undici-types@5.26.5: {}

  undici-types@6.21.0: {}

  web-streams-polyfill@4.0.0-beta.3: {}

  webidl-conversions@3.0.1: {}

  whatwg-url@5.0.0:
    dependencies:
      tr46: 0.0.3
      webidl-conversions: 3.0.1

  zod@3.24.3: {}
